
Microsoft Visual Studio Solution File, Format Version 12.00
# Visual Studio Version 16
VisualStudioVersion = 16.0.29613.14
MinimumVisualStudioVersion = 10.0.40219.1
Project("{FAE04EC0-301F-11D3-BF4B-00C04F79EFBC}") = "Interfaces", "Interfaces.csproj", "{D8A909DF-67C4-44BA-B2C1-77B4F1F745FA}"
EndProject
Global
	GlobalSection(SolutionConfigurationPlatforms) = preSolution
		Debug|Any CPU = Debug|Any CPU
		Release|Any CPU = Release|Any CPU
	EndGlobalSection
	GlobalSection(ProjectConfigurationPlatforms) = postSolution
		{D8A909DF-67C4-44BA-B2C1-77B4F1F745FA}.Debug|Any CPU.ActiveCfg = Debug|Any CPU
		{D8A909DF-67C4-44BA-B2C1-77B4F1F745FA}.Debug|Any CPU.Build.0 = Debug|Any CPU
		{D8A909DF-67C4-44BA-B2C1-77B4F1F745FA}.Release|Any CPU.ActiveCfg = Release|Any CPU
		{D8A909DF-67C4-44BA-B2C1-77B4F1F745FA}.Release|Any CPU.Build.0 = Release|Any CPU
	EndGlobalSection
	GlobalSection(SolutionProperties) = preSolution
		HideSolutionNode = FALSE
	EndGlobalSection
	GlobalSection(ExtensibilityGlobals) = postSolution
		SolutionGuid = {7C7FB11D-69D2-441E-8AFC-3AF871B26D0F}
	EndGlobalSection
EndGlobal
